// !$*UTF8*$!
{
	archiveVersion = 1;
	classes = {
	};
	objectVersion = 46;
	objects = {

/* Begin PBXBuildFile section */
		8777AE631967D0EE00BB8798 /* skin-face-man.jpg in Resources */ = {isa = PBXBuildFile; fileRef = 8777AE621967D0EE00BB8798 /* skin-face-man.jpg */; };
		8777AE651967D11900BB8798 /* love.png in Resources */ = {isa = PBXBuildFile; fileRef = 8777AE641967D11900BB8798 /* love.png */; };
		8777AE6C1967D17E00BB8798 /* calendar.png in Resources */ = {isa = PBXBuildFile; fileRef = 8777AE661967D17E00BB8798 /* calendar.png */; };
		8777AE6D1967D17E00BB8798 /* rank.png in Resources */ = {isa = PBXBuildFile; fileRef = 8777AE671967D17E00BB8798 /* rank.png */; };
		8777AE6E1967D17E00BB8798 /* smiley-smile.png in Resources */ = {isa = PBXBuildFile; fileRef = 8777AE681967D17E00BB8798 /* smiley-smile.png */; };
		8777AE6F1967D17E00BB8798 /* star.png in Resources */ = {isa = PBXBuildFile; fileRef = 8777AE691967D17E00BB8798 /* star.png */; };
		8777AE701967D17E00BB8798 /* text-list.png in Resources */ = {isa = PBXBuildFile; fileRef = 8777AE6A1967D17E00BB8798 /* text-list.png */; };
		8777AE711967D17E00BB8798 /* write.png in Resources */ = {isa = PBXBuildFile; fileRef = 8777AE6B1967D17E00BB8798 /* write.png */; };
		8777AE741967D18B00BB8798 /* like.png in Resources */ = {isa = PBXBuildFile; fileRef = 8777AE721967D18B00BB8798 /* like.png */; };
		8777AE751967D18B00BB8798 /* logo2.jpg in Resources */ = {isa = PBXBuildFile; fileRef = 8777AE731967D18B00BB8798 /* logo2.jpg */; };
		87B277F71965777F00B422F0 /* Foundation.framework in Frameworks */ = {isa = PBXBuildFile; fileRef = 87B277F61965777F00B422F0 /* Foundation.framework */; };
		87B277F91965777F00B422F0 /* CoreGraphics.framework in Frameworks */ = {isa = PBXBuildFile; fileRef = 87B277F81965777F00B422F0 /* CoreGraphics.framework */; };
		87B277FB1965777F00B422F0 /* UIKit.framework in Frameworks */ = {isa = PBXBuildFile; fileRef = 87B277FA1965777F00B422F0 /* UIKit.framework */; };
		87B278011965777F00B422F0 /* InfoPlist.strings in Resources */ = {isa = PBXBuildFile; fileRef = 87B277FF1965777F00B422F0 /* InfoPlist.strings */; };
		87B278031965777F00B422F0 /* main.m in Sources */ = {isa = PBXBuildFile; fileRef = 87B278021965777F00B422F0 /* main.m */; };
		87B278071965777F00B422F0 /* AppDelegate.m in Sources */ = {isa = PBXBuildFile; fileRef = 87B278061965777F00B422F0 /* AppDelegate.m */; };
		87B2780A1965777F00B422F0 /* Main.storyboard in Resources */ = {isa = PBXBuildFile; fileRef = 87B278081965777F00B422F0 /* Main.storyboard */; };
		87B2780D1965777F00B422F0 /* ViewController.m in Sources */ = {isa = PBXBuildFile; fileRef = 87B2780C1965777F00B422F0 /* ViewController.m */; };
		87B2780F1965777F00B422F0 /* Images.xcassets in Resources */ = {isa = PBXBuildFile; fileRef = 87B2780E1965777F00B422F0 /* Images.xcassets */; };
		87B278161965777F00B422F0 /* XCTest.framework in Frameworks */ = {isa = PBXBuildFile; fileRef = 87B278151965777F00B422F0 /* XCTest.framework */; };
		87B278171965777F00B422F0 /* Foundation.framework in Frameworks */ = {isa = PBXBuildFile; fileRef = 87B277F61965777F00B422F0 /* Foundation.framework */; };
		87B278181965777F00B422F0 /* UIKit.framework in Frameworks */ = {isa = PBXBuildFile; fileRef = 87B277FA1965777F00B422F0 /* UIKit.framework */; };
		87B278201965777F00B422F0 /* InfoPlist.strings in Resources */ = {isa = PBXBuildFile; fileRef = 87B2781E1965777F00B422F0 /* InfoPlist.strings */; };
		87B278221965777F00B422F0 /* MobCorTests.m in Sources */ = {isa = PBXBuildFile; fileRef = 87B278211965777F00B422F0 /* MobCorTests.m */; };
		87B2782D1965790E00B422F0 /* NewsTable.m in Sources */ = {isa = PBXBuildFile; fileRef = 87B2782C1965790E00B422F0 /* NewsTable.m */; };
		87B2783319657BA300B422F0 /* JustDescription.m in Sources */ = {isa = PBXBuildFile; fileRef = 87B2783219657BA300B422F0 /* JustDescription.m */; };
/* End PBXBuildFile section */

/* Begin PBXContainerItemProxy section */
		87B278191965777F00B422F0 /* PBXContainerItemProxy */ = {
			isa = PBXContainerItemProxy;
			containerPortal = 87B277EB1965777F00B422F0 /* Project object */;
			proxyType = 1;
			remoteGlobalIDString = 87B277F21965777F00B422F0;
			remoteInfo = MobCor;
		};
/* End PBXContainerItemProxy section */

/* Begin PBXFileReference section */
		8777AE621967D0EE00BB8798 /* skin-face-man.jpg */ = {isa = PBXFileReference; lastKnownFileType = image.jpeg; path = "skin-face-man.jpg"; sourceTree = "<group>"; };
		8777AE641967D11900BB8798 /* love.png */ = {isa = PBXFileReference; lastKnownFileType = image.png; path = love.png; sourceTree = "<group>"; };
		8777AE661967D17E00BB8798 /* calendar.png */ = {isa = PBXFileReference; lastKnownFileType = image.png; path = calendar.png; sourceTree = "<group>"; };
		8777AE671967D17E00BB8798 /* rank.png */ = {isa = PBXFileReference; lastKnownFileType = image.png; path = rank.png; sourceTree = "<group>"; };
		8777AE681967D17E00BB8798 /* smiley-smile.png */ = {isa = PBXFileReference; lastKnownFileType = image.png; path = "smiley-smile.png"; sourceTree = "<group>"; };
		8777AE691967D17E00BB8798 /* star.png */ = {isa = PBXFileReference; lastKnownFileType = image.png; path = star.png; sourceTree = "<group>"; };
		8777AE6A1967D17E00BB8798 /* text-list.png */ = {isa = PBXFileReference; lastKnownFileType = image.png; path = "text-list.png"; sourceTree = "<group>"; };
		8777AE6B1967D17E00BB8798 /* write.png */ = {isa = PBXFileReference; lastKnownFileType = image.png; path = write.png; sourceTree = "<group>"; };
		8777AE721967D18B00BB8798 /* like.png */ = {isa = PBXFileReference; lastKnownFileType = image.png; path = like.png; sourceTree = "<group>"; };
		8777AE731967D18B00BB8798 /* logo2.jpg */ = {isa = PBXFileReference; lastKnownFileType = image.jpeg; path = logo2.jpg; sourceTree = "<group>"; };
		87B277F31965777F00B422F0 /* MobCor.app */ = {isa = PBXFileReference; explicitFileType = wrapper.application; includeInIndex = 0; path = MobCor.app; sourceTree = BUILT_PRODUCTS_DIR; };
		87B277F61965777F00B422F0 /* Foundation.framework */ = {isa = PBXFileReference; lastKnownFileType = wrapper.framework; name = Foundation.framework; path = System/Library/Frameworks/Foundation.framework; sourceTree = SDKROOT; };
		87B277F81965777F00B422F0 /* CoreGraphics.framework */ = {isa = PBXFileReference; lastKnownFileType = wrapper.framework; name = CoreGraphics.framework; path = System/Library/Frameworks/CoreGraphics.framework; sourceTree = SDKROOT; };
		87B277FA1965777F00B422F0 /* UIKit.framework */ = {isa = PBXFileReference; lastKnownFileType = wrapper.framework; name = UIKit.framework; path = System/Library/Frameworks/UIKit.framework; sourceTree = SDKROOT; };
		87B277FE1965777F00B422F0 /* MobCor-Info.plist */ = {isa = PBXFileReference; lastKnownFileType = text.plist.xml; path = "MobCor-Info.plist"; sourceTree = "<group>"; };
		87B278001965777F00B422F0 /* en */ = {isa = PBXFileReference; lastKnownFileType = text.plist.strings; name = en; path = en.lproj/InfoPlist.strings; sourceTree = "<group>"; };
		87B278021965777F00B422F0 /* main.m */ = {isa = PBXFileReference; lastKnownFileType = sourcecode.c.objc; path = main.m; sourceTree = "<group>"; };
		87B278041965777F00B422F0 /* MobCor-Prefix.pch */ = {isa = PBXFileReference; lastKnownFileType = sourcecode.c.h; path = "MobCor-Prefix.pch"; sourceTree = "<group>"; };
		87B278051965777F00B422F0 /* AppDelegate.h */ = {isa = PBXFileReference; lastKnownFileType = sourcecode.c.h; path = AppDelegate.h; sourceTree = "<group>"; };
		87B278061965777F00B422F0 /* AppDelegate.m */ = {isa = PBXFileReference; lastKnownFileType = sourcecode.c.objc; path = AppDelegate.m; sourceTree = "<group>"; };
		87B278091965777F00B422F0 /* Base */ = {isa = PBXFileReference; lastKnownFileType = file.storyboard; name = Base; path = Base.lproj/Main.storyboard; sourceTree = "<group>"; };
		87B2780B1965777F00B422F0 /* ViewController.h */ = {isa = PBXFileReference; lastKnownFileType = sourcecode.c.h; path = ViewController.h; sourceTree = "<group>"; };
		87B2780C1965777F00B422F0 /* ViewController.m */ = {isa = PBXFileReference; lastKnownFileType = sourcecode.c.objc; path = ViewController.m; sourceTree = "<group>"; };
		87B2780E1965777F00B422F0 /* Images.xcassets */ = {isa = PBXFileReference; lastKnownFileType = folder.assetcatalog; path = Images.xcassets; sourceTree = "<group>"; };
		87B278141965777F00B422F0 /* MobCorTests.xctest */ = {isa = PBXFileReference; explicitFileType = wrapper.cfbundle; includeInIndex = 0; path = MobCorTests.xctest; sourceTree = BUILT_PRODUCTS_DIR; };
		87B278151965777F00B422F0 /* XCTest.framework */ = {isa = PBXFileReference; lastKnownFileType = wrapper.framework; name = XCTest.framework; path = Library/Frameworks/XCTest.framework; sourceTree = DEVELOPER_DIR; };
		87B2781D1965777F00B422F0 /* MobCorTests-Info.plist */ = {isa = PBXFileReference; lastKnownFileType = text.plist.xml; path = "MobCorTests-Info.plist"; sourceTree = "<group>"; };
		87B2781F1965777F00B422F0 /* en */ = {isa = PBXFileReference; lastKnownFileType = text.plist.strings; name = en; path = en.lproj/InfoPlist.strings; sourceTree = "<group>"; };
		87B278211965777F00B422F0 /* MobCorTests.m */ = {isa = PBXFileReference; lastKnownFileType = sourcecode.c.objc; path = MobCorTests.m; sourceTree = "<group>"; };
		87B2782B1965790E00B422F0 /* NewsTable.h */ = {isa = PBXFileReference; fileEncoding = 4; lastKnownFileType = sourcecode.c.h; path = NewsTable.h; sourceTree = "<group>"; };
		87B2782C1965790E00B422F0 /* NewsTable.m */ = {isa = PBXFileReference; fileEncoding = 4; lastKnownFileType = sourcecode.c.objc; path = NewsTable.m; sourceTree = "<group>"; };
		87B2783119657BA300B422F0 /* JustDescription.h */ = {isa = PBXFileReference; fileEncoding = 4; lastKnownFileType = sourcecode.c.h; path = JustDescription.h; sourceTree = "<group>"; };
		87B2783219657BA300B422F0 /* JustDescription.m */ = {isa = PBXFileReference; fileEncoding = 4; lastKnownFileType = sourcecode.c.objc; path = JustDescription.m; sourceTree = "<group>"; };
/* End PBXFileReference section */

/* Begin PBXFrameworksBuildPhase section */
		87B277F01965777F00B422F0 /* Frameworks */ = {
			isa = PBXFrameworksBuildPhase;
			buildActionMask = 2147483647;
			files = (
				87B277F91965777F00B422F0 /* CoreGraphics.framework in Frameworks */,
				87B277FB1965777F00B422F0 /* UIKit.framework in Frameworks */,
				87B277F71965777F00B422F0 /* Foundation.framework in Frameworks */,
			);
			runOnlyForDeploymentPostprocessing = 0;
		};
		87B278111965777F00B422F0 /* Frameworks */ = {
			isa = PBXFrameworksBuildPhase;
			buildActionMask = 2147483647;
			files = (
				87B278161965777F00B422F0 /* XCTest.framework in Frameworks */,
				87B278181965777F00B422F0 /* UIKit.framework in Frameworks */,
				87B278171965777F00B422F0 /* Foundation.framework in Frameworks */,
			);
			runOnlyForDeploymentPostprocessing = 0;
		};
/* End PBXFrameworksBuildPhase section */

/* Begin PBXGroup section */
		87B277EA1965777F00B422F0 = {
			isa = PBXGroup;
			children = (
				8777AE721967D18B00BB8798 /* like.png */,
				8777AE731967D18B00BB8798 /* logo2.jpg */,
				8777AE661967D17E00BB8798 /* calendar.png */,
				8777AE671967D17E00BB8798 /* rank.png */,
				8777AE681967D17E00BB8798 /* smiley-smile.png */,
				8777AE691967D17E00BB8798 /* star.png */,
				8777AE6A1967D17E00BB8798 /* text-list.png */,
				8777AE6B1967D17E00BB8798 /* write.png */,
				8777AE641967D11900BB8798 /* love.png */,
				8777AE621967D0EE00BB8798 /* skin-face-man.jpg */,
				87B277FC1965777F00B422F0 /* MobCor */,
				87B2781B1965777F00B422F0 /* MobCorTests */,
				87B277F51965777F00B422F0 /* Frameworks */,
				87B277F41965777F00B422F0 /* Products */,
			);
			sourceTree = "<group>";
		};
		87B277F41965777F00B422F0 /* Products */ = {
			isa = PBXGroup;
			children = (
				87B277F31965777F00B422F0 /* MobCor.app */,
				87B278141965777F00B422F0 /* MobCorTests.xctest */,
			);
			name = Products;
			sourceTree = "<group>";
		};
		87B277F51965777F00B422F0 /* Frameworks */ = {
			isa = PBXGroup;
			children = (
				87B277F61965777F00B422F0 /* Foundation.framework */,
				87B277F81965777F00B422F0 /* CoreGraphics.framework */,
				87B277FA1965777F00B422F0 /* UIKit.framework */,
				87B278151965777F00B422F0 /* XCTest.framework */,
			);
			name = Frameworks;
			sourceTree = "<group>";
		};
		87B277FC1965777F00B422F0 /* MobCor */ = {
			isa = PBXGroup;
			children = (
				87B278051965777F00B422F0 /* AppDelegate.h */,
				87B278061965777F00B422F0 /* AppDelegate.m */,
				87B278081965777F00B422F0 /* Main.storyboard */,
				87B2780B1965777F00B422F0 /* ViewController.h */,
				87B2780C1965777F00B422F0 /* ViewController.m */,
				87B2780E1965777F00B422F0 /* Images.xcassets */,
				87B277FD1965777F00B422F0 /* Supporting Files */,
				87B2782B1965790E00B422F0 /* NewsTable.h */,
				87B2782C1965790E00B422F0 /* NewsTable.m */,
				87B2783119657BA300B422F0 /* JustDescription.h */,
				87B2783219657BA300B422F0 /* JustDescription.m */,
			);
			path = MobCor;
			sourceTree = "<group>";
		};
		87B277FD1965777F00B422F0 /* Supporting Files */ = {
			isa = PBXGroup;
			children = (
				87B277FE1965777F00B422F0 /* MobCor-Info.plist */,
				87B277FF1965777F00B422F0 /* InfoPlist.strings */,
				87B278021965777F00B422F0 /* main.m */,
				87B278041965777F00B422F0 /* MobCor-Prefix.pch */,
			);
			name = "Supporting Files";
			sourceTree = "<group>";
		};
		87B2781B1965777F00B422F0 /* MobCorTests */ = {
			isa = PBXGroup;
			children = (
				87B278211965777F00B422F0 /* MobCorTests.m */,
				87B2781C1965777F00B422F0 /* Supporting Files */,
			);
			path = MobCorTests;
			sourceTree = "<group>";
		};
		87B2781C1965777F00B422F0 /* Supporting Files */ = {
			isa = PBXGroup;
			children = (
				87B2781D1965777F00B422F0 /* MobCorTests-Info.plist */,
				87B2781E1965777F00B422F0 /* InfoPlist.strings */,
			);
			name = "Supporting Files";
			sourceTree = "<group>";
		};
/* End PBXGroup section */

/* Begin PBXNativeTarget section */
		87B277F21965777F00B422F0 /* MobCor */ = {
			isa = PBXNativeTarget;
			buildConfigurationList = 87B278251965777F00B422F0 /* Build configuration list for PBXNativeTarget "MobCor" */;
			buildPhases = (
				87B277EF1965777F00B422F0 /* Sources */,
				87B277F01965777F00B422F0 /* Frameworks */,
				87B277F11965777F00B422F0 /* Resources */,
			);
			buildRules = (
			);
			dependencies = (
			);
			name = MobCor;
			productName = MobCor;
			productReference = 87B277F31965777F00B422F0 /* MobCor.app */;
			productType = "com.apple.product-type.application";
		};
		87B278131965777F00B422F0 /* MobCorTests */ = {
			isa = PBXNativeTarget;
			buildConfigurationList = 87B278281965777F00B422F0 /* Build configuration list for PBXNativeTarget "MobCorTests" */;
			buildPhases = (
				87B278101965777F00B422F0 /* Sources */,
				87B278111965777F00B422F0 /* Frameworks */,
				87B278121965777F00B422F0 /* Resources */,
			);
			buildRules = (
			);
			dependencies = (
				87B2781A1965777F00B422F0 /* PBXTargetDependency */,
			);
			name = MobCorTests;
			productName = MobCorTests;
			productReference = 87B278141965777F00B422F0 /* MobCorTests.xctest */;
			productType = "com.apple.product-type.bundle.unit-test";
		};
/* End PBXNativeTarget section */

/* Begin PBXProject section */
		87B277EB1965777F00B422F0 /* Project object */ = {
			isa = PBXProject;
			attributes = {
				LastUpgradeCheck = 0510;
				ORGANIZATIONNAME = kpfuitisios;
				TargetAttributes = {
					87B278131965777F00B422F0 = {
						TestTargetID = 87B277F21965777F00B422F0;
					};
				};
			};
			buildConfigurationList = 87B277EE1965777F00B422F0 /* Build configuration list for PBXProject "MobCor" */;
			compatibilityVersion = "Xcode 3.2";
			developmentRegion = English;
			hasScannedForEncodings = 0;
			knownRegions = (
				en,
				Base,
			);
			mainGroup = 87B277EA1965777F00B422F0;
			productRefGroup = 87B277F41965777F00B422F0 /* Products */;
			projectDirPath = "";
			projectRoot = "";
			targets = (
				87B277F21965777F00B422F0 /* MobCor */,
				87B278131965777F00B422F0 /* MobCorTests */,
			);
		};
/* End PBXProject section */

/* Begin PBXResourcesBuildPhase section */
		87B277F11965777F00B422F0 /* Resources */ = {
			isa = PBXResourcesBuildPhase;
			buildActionMask = 2147483647;
			files = (
				87B2780F1965777F00B422F0 /* Images.xcassets in Resources */,
				8777AE6C1967D17E00BB8798 /* calendar.png in Resources */,
				8777AE701967D17E00BB8798 /* text-list.png in Resources */,
				8777AE6F1967D17E00BB8798 /* star.png in Resources */,
				8777AE651967D11900BB8798 /* love.png in Resources */,
				87B278011965777F00B422F0 /* InfoPlist.strings in Resources */,
				8777AE631967D0EE00BB8798 /* skin-face-man.jpg in Resources */,
				8777AE6E1967D17E00BB8798 /* smiley-smile.png in Resources */,
				8777AE741967D18B00BB8798 /* like.png in Resources */,
				87B2780A1965777F00B422F0 /* Main.storyboard in Resources */,
				8777AE6D1967D17E00BB8798 /* rank.png in Resources */,
				8777AE751967D18B00BB8798 /* logo2.jpg in Resources */,
				8777AE711967D17E00BB8798 /* write.png in Resources */,
			);
			runOnlyForDeploymentPostprocessing = 0;
		};
		87B278121965777F00B422F0 /* Resources */ = {
			isa = PBXResourcesBuildPhase;
			buildActionMask = 2147483647;
			files = (
				87B278201965777F00B422F0 /* InfoPlist.strings in Resources */,
			);
			runOnlyForDeploymentPostprocessing = 0;
		};
/* End PBXResourcesBuildPhase section */

/* Begin PBXSourcesBuildPhase section */
		87B277EF1965777F00B422F0 /* Sources */ = {
			isa = PBXSourcesBuildPhase;
			buildActionMask = 2147483647;
			files = (
				87B2783319657BA300B422F0 /* JustDescription.m in Sources */,
				87B2780D1965777F00B422F0 /* ViewController.m in Sources */,
				87B278071965777F00B422F0 /* AppDelegate.m in Sources */,
				87B278031965777F00B422F0 /* main.m in Sources */,
				87B2782D1965790E00B422F0 /* NewsTable.m in Sources */,
			);
			runOnlyForDeploymentPostprocessing = 0;
		};
		87B278101965777F00B422F0 /* Sources */ = {
			isa = PBXSourcesBuildPhase;
			buildActionMask = 2147483647;
			files = (
				87B278221965777F00B422F0 /* MobCorTests.m in Sources */,
			);
			runOnlyForDeploymentPostprocessing = 0;
		};
/* End PBXSourcesBuildPhase section */

/* Begin PBXTargetDependency section */
		87B2781A1965777F00B422F0 /* PBXTargetDependency */ = {
			isa = PBXTargetDependency;
			target = 87B277F21965777F00B422F0 /* MobCor */;
			targetProxy = 87B278191965777F00B422F0 /* PBXContainerItemProxy */;
		};
/* End PBXTargetDependency section */

/* Begin PBXVariantGroup section */
		87B277FF1965777F00B422F0 /* InfoPlist.strings */ = {
			isa = PBXVariantGroup;
			children = (
				87B278001965777F00B422F0 /* en */,
			);
			name = InfoPlist.strings;
			sourceTree = "<group>";
		};
		87B278081965777F00B422F0 /* Main.storyboard */ = {
			isa = PBXVariantGroup;
			children = (
				87B278091965777F00B422F0 /* Base */,
			);
			name = Main.storyboard;
			sourceTree = "<group>";
		};
		87B2781E1965777F00B422F0 /* InfoPlist.strings */ = {
			isa = PBXVariantGroup;
			children = (
				87B2781F1965777F00B422F0 /* en */,
			);
			name = InfoPlist.strings;
			sourceTree = "<group>";
		};
/* End PBXVariantGroup section */

/* Begin XCBuildConfiguration section */
		87B278231965777F00B422F0 /* Debug */ = {
			isa = XCBuildConfiguration;
			buildSettings = {
				ALWAYS_SEARCH_USER_PATHS = NO;
				CLANG_CXX_LANGUAGE_STANDARD = "gnu++0x";
				CLANG_CXX_LIBRARY = "libc++";
				CLANG_ENABLE_MODULES = YES;
				CLANG_ENABLE_OBJC_ARC = YES;
				CLANG_WARN_BOOL_CONVERSION = YES;
				CLANG_WARN_CONSTANT_CONVERSION = YES;
				CLANG_WARN_DIRECT_OBJC_ISA_USAGE = YES_ERROR;
				CLANG_WARN_EMPTY_BODY = YES;
				CLANG_WARN_ENUM_CONVERSION = YES;
				CLANG_WARN_INT_CONVERSION = YES;
				CLANG_WARN_OBJC_ROOT_CLASS = YES_ERROR;
				CLANG_WARN__DUPLICATE_METHOD_MATCH = YES;
				"CODE_SIGN_IDENTITY[sdk=iphoneos*]" = "iPhone Developer";
				COPY_PHASE_STRIP = NO;
				GCC_C_LANGUAGE_STANDARD = gnu99;
				GCC_DYNAMIC_NO_PIC = NO;
				GCC_OPTIMIZATION_LEVEL = 0;
				GCC_PREPROCESSOR_DEFINITIONS = (
					"DEBUG=1",
					"$(inherited)",
				);
				GCC_SYMBOLS_PRIVATE_EXTERN = NO;
				GCC_WARN_64_TO_32_BIT_CONVERSION = YES;
				GCC_WARN_ABOUT_RETURN_TYPE = YES_ERROR;
				GCC_WARN_UNDECLARED_SELECTOR = YES;
				GCC_WARN_UNINITIALIZED_AUTOS = YES_AGGRESSIVE;
				GCC_WARN_UNUSED_FUNCTION = YES;
				GCC_WARN_UNUSED_VARIABLE = YES;
				IPHONEOS_DEPLOYMENT_TARGET = 7.1;
				ONLY_ACTIVE_ARCH = YES;
				SDKROOT = iphoneos;
			};
			name = Debug;
		};
		87B278241965777F00B422F0 /* Release */ = {
			isa = XCBuildConfiguration;
			buildSettings = {
				ALWAYS_SEARCH_USER_PATHS = NO;
				CLANG_CXX_LANGUAGE_STANDARD = "gnu++0x";
				CLANG_CXX_LIBRARY = "libc++";
				CLANG_ENABLE_MODULES = YES;
				CLANG_ENABLE_OBJC_ARC = YES;
				CLANG_WARN_BOOL_CONVERSION = YES;
				CLANG_WARN_CONSTANT_CONVERSION = YES;
				CLANG_WARN_DIRECT_OBJC_ISA_USAGE = YES_ERROR;
				CLANG_WARN_EMPTY_BODY = YES;
				CLANG_WARN_ENUM_CONVERSION = YES;
				CLANG_WARN_INT_CONVERSION = YES;
				CLANG_WARN_OBJC_ROOT_CLASS = YES_ERROR;
				CLANG_WARN__DUPLICATE_METHOD_MATCH = YES;
				"CODE_SIGN_IDENTITY[sdk=iphoneos*]" = "iPhone Developer";
				COPY_PHASE_STRIP = YES;
				ENABLE_NS_ASSERTIONS = NO;
				GCC_C_LANGUAGE_STANDARD = gnu99;
				GCC_WARN_64_TO_32_BIT_CONVERSION = YES;
				GCC_WARN_ABOUT_RETURN_TYPE = YES_ERROR;
				GCC_WARN_UNDECLARED_SELECTOR = YES;
				GCC_WARN_UNINITIALIZED_AUTOS = YES_AGGRESSIVE;
				GCC_WARN_UNUSED_FUNCTION = YES;
				GCC_WARN_UNUSED_VARIABLE = YES;
				IPHONEOS_DEPLOYMENT_TARGET = 7.1;
				SDKROOT = iphoneos;
				VALIDATE_PRODUCT = YES;
			};
			name = Release;
		};
		87B278261965777F00B422F0 /* Debug */ = {
			isa = XCBuildConfiguration;
			buildSettings = {
				ASSETCATALOG_COMPILER_APPICON_NAME = AppIcon;
				ASSETCATALOG_COMPILER_LAUNCHIMAGE_NAME = LaunchImage;
				GCC_PRECOMPILE_PREFIX_HEADER = YES;
				GCC_PREFIX_HEADER = "MobCor/MobCor-Prefix.pch";
				INFOPLIST_FILE = "MobCor/MobCor-Info.plist";
				PRODUCT_NAME = "$(TARGET_NAME)";
				WRAPPER_EXTENSION = app;
			};
			name = Debug;
		};
		87B278271965777F00B422F0 /* Release */ = {
			isa = XCBuildConfiguration;
			buildSettings = {
				ASSETCATALOG_COMPILER_APPICON_NAME = AppIcon;
				ASSETCATALOG_COMPILER_LAUNCHIMAGE_NAME = LaunchImage;
				GCC_PRECOMPILE_PREFIX_HEADER = YES;
				GCC_PREFIX_HEADER = "MobCor/MobCor-Prefix.pch";
				INFOPLIST_FILE = "MobCor/MobCor-Info.plist";
				PRODUCT_NAME = "$(TARGET_NAME)";
				WRAPPER_EXTENSION = app;
			};
			name = Release;
		};
		87B278291965777F00B422F0 /* Debug */ = {
			isa = XCBuildConfiguration;
			buildSettings = {
				BUNDLE_LOADER = "$(BUILT_PRODUCTS_DIR)/MobCor.app/MobCor";
				FRAMEWORK_SEARCH_PATHS = (
					"$(SDKROOT)/Developer/Library/Frameworks",
					"$(inherited)",
					"$(DEVELOPER_FRAMEWORKS_DIR)",
				);
				GCC_PRECOMPILE_PREFIX_HEADER = YES;
				GCC_PREFIX_HEADER = "MobCor/MobCor-Prefix.pch";
				GCC_PREPROCESSOR_DEFINITIONS = (
					"DEBUG=1",
					"$(inherited)",
				);
				INFOPLIST_FILE = "MobCorTests/MobCorTests-Info.plist";
				PRODUCT_NAME = "$(TARGET_NAME)";
				TEST_HOST = "$(BUNDLE_LOADER)";
				WRAPPER_EXTENSION = xctest;
			};
			name = Debug;
		};
		87B2782A1965777F00B422F0 /* Release */ = {
			isa = XCBuildConfiguration;
			buildSettings = {
				BUNDLE_LOADER = "$(BUILT_PRODUCTS_DIR)/MobCor.app/MobCor";
				FRAMEWORK_SEARCH_PATHS = (
					"$(SDKROOT)/Developer/Library/Frameworks",
					"$(inherited)",
					"$(DEVELOPER_FRAMEWORKS_DIR)",
				);
				GCC_PRECOMPILE_PREFIX_HEADER = YES;
				GCC_PREFIX_HEADER = "MobCor/MobCor-Prefix.pch";
				INFOPLIST_FILE = "MobCorTests/MobCorTests-Info.plist";
				PRODUCT_NAME = "$(TARGET_NAME)";
				TEST_HOST = "$(BUNDLE_LOADER)";
				WRAPPER_EXTENSION = xctest;
			};
			name = Release;
		};
/* End XCBuildConfiguration section */

/* Begin XCConfigurationList section */
		87B277EE1965777F00B422F0 /* Build configuration list for PBXProject "MobCor" */ = {
			isa = XCConfigurationList;
			buildConfigurations = (
				87B278231965777F00B422F0 /* Debug */,
				87B278241965777F00B422F0 /* Release */,
			);
			defaultConfigurationIsVisible = 0;
			defaultConfigurationName = Release;
		};
		87B278251965777F00B422F0 /* Build configuration list for PBXNativeTarget "MobCor" */ = {
			isa = XCConfigurationList;
			buildConfigurations = (
				87B278261965777F00B422F0 /* Debug */,
				87B278271965777F00B422F0 /* Release */,
			);
			defaultConfigurationIsVisible = 0;
			defaultConfigurationName = Release;
		};
		87B278281965777F00B422F0 /* Build configuration list for PBXNativeTarget "MobCorTests" */ = {
			isa = XCConfigurationList;
			buildConfigurations = (
				87B278291965777F00B422F0 /* Debug */,
				87B2782A1965777F00B422F0 /* Release */,
			);
			defaultConfigurationIsVisible = 0;
			defaultConfigurationName = Release;
		};
/* End XCConfigurationList section */
	};
	rootObject = 87B277EB1965777F00B422F0 /* Project object */;
}
